
Microsoft Visual Studio Solution File, Format Version 12.00
Project("{FAE04EC0-301F-11D3-BF4B-00C04F79EFBC}") = "AdventOfCode2020", "AdventOfCode2020\AdventOfCode2020.csproj", "{EB9914B0-B93F-42CD-8C1C-B1101FDF895C}"
EndProject
Project("{FAE04EC0-301F-11D3-BF4B-00C04F79EFBC}") = "AdventOfCode2020.Tests", "AdventOfCode2020.Tests\AdventOfCode2020.Tests.csproj", "{6996C26B-2D70-448A-B89D-69D71BBAAAAB}"
EndProject
Global
	GlobalSection(SolutionConfigurationPlatforms) = preSolution
		Debug|Any CPU = Debug|Any CPU
		Release|Any CPU = Release|Any CPU
	EndGlobalSection
	GlobalSection(ProjectConfigurationPlatforms) = postSolution
		{EB9914B0-B93F-42CD-8C1C-B1101FDF895C}.Debug|Any CPU.ActiveCfg = Debug|Any CPU
		{EB9914B0-B93F-42CD-8C1C-B1101FDF895C}.Debug|Any CPU.Build.0 = Debug|Any CPU
		{EB9914B0-B93F-42CD-8C1C-B1101FDF895C}.Release|Any CPU.ActiveCfg = Release|Any CPU
		{EB9914B0-B93F-42CD-8C1C-B1101FDF895C}.Release|Any CPU.Build.0 = Release|Any CPU
		{6996C26B-2D70-448A-B89D-69D71BBAAAAB}.Debug|Any CPU.ActiveCfg = Debug|Any CPU
		{6996C26B-2D70-448A-B89D-69D71BBAAAAB}.Debug|Any CPU.Build.0 = Debug|Any CPU
		{6996C26B-2D70-448A-B89D-69D71BBAAAAB}.Release|Any CPU.ActiveCfg = Release|Any CPU
		{6996C26B-2D70-448A-B89D-69D71BBAAAAB}.Release|Any CPU.Build.0 = Release|Any CPU
	EndGlobalSection
EndGlobal
